
Microsoft Visual Studio Solution File, Format Version 12.00
# Visual Studio Version 17
VisualStudioVersion = 17.7.34031.279
MinimumVisualStudioVersion = 10.0.40219.1
Project("{9A19103F-16F7-4668-BE54-9A1E7A4F7556}") = "SalesWebMVC", "SalesWebMVC\SalesWebMVC.csproj", "{ECE9C957-4910-406E-9D3C-B442C89F7687}"
EndProject
Global
	GlobalSection(SolutionConfigurationPlatforms) = preSolution
		Debug|Any CPU = Debug|Any CPU
		Release|Any CPU = Release|Any CPU
	EndGlobalSection
	GlobalSection(ProjectConfigurationPlatforms) = postSolution
		{ECE9C957-4910-406E-9D3C-B442C89F7687}.Debug|Any CPU.ActiveCfg = Debug|Any CPU
		{ECE9C957-4910-406E-9D3C-B442C89F7687}.Debug|Any CPU.Build.0 = Debug|Any CPU
		{ECE9C957-4910-406E-9D3C-B442C89F7687}.Release|Any CPU.ActiveCfg = Release|Any CPU
		{ECE9C957-4910-406E-9D3C-B442C89F7687}.Release|Any CPU.Build.0 = Release|Any CPU
	EndGlobalSection
	GlobalSection(SolutionProperties) = preSolution
		HideSolutionNode = FALSE
	EndGlobalSection
	GlobalSection(ExtensibilityGlobals) = postSolution
		SolutionGuid = {953E9FBA-480D-4D77-A87F-E398A552FBDE}
	EndGlobalSection
EndGlobal
